
Microsoft Visual Studio Solution File, Format Version 12.00
# Visual Studio Version 16
VisualStudioVersion = 16.0.31424.327
MinimumVisualStudioVersion = 10.0.40219.1
Project("{FAE04EC0-301F-11D3-BF4B-00C04F79EFBC}") = "Bowling Calculator", "Bowling Calculator.csproj", "{50368F17-B1B8-4292-A42E-26C2356FE9EE}"
EndProject
Global
	GlobalSection(SolutionConfigurationPlatforms) = preSolution
		Debug|Any CPU = Debug|Any CPU
		Release|Any CPU = Release|Any CPU
	EndGlobalSection
	GlobalSection(ProjectConfigurationPlatforms) = postSolution
		{50368F17-B1B8-4292-A42E-26C2356FE9EE}.Debug|Any CPU.ActiveCfg = Debug|Any CPU
		{50368F17-B1B8-4292-A42E-26C2356FE9EE}.Debug|Any CPU.Build.0 = Debug|Any CPU
		{50368F17-B1B8-4292-A42E-26C2356FE9EE}.Release|Any CPU.ActiveCfg = Release|Any CPU
		{50368F17-B1B8-4292-A42E-26C2356FE9EE}.Release|Any CPU.Build.0 = Release|Any CPU
	EndGlobalSection
	GlobalSection(SolutionProperties) = preSolution
		HideSolutionNode = FALSE
	EndGlobalSection
	GlobalSection(ExtensibilityGlobals) = postSolution
		SolutionGuid = {5608250B-8EF0-4CB8-8734-708D8AA9B2DC}
	EndGlobalSection
EndGlobal
